// !$*UTF8*$!
{
	archiveVersion = 1;
	classes = {
	};
	objectVersion = 55;
	objects = {

/* Begin PBXBuildFile section */
		3201E6D328B565D700F123EE /* YouTubeServiceAdapter.swift in Sources */ = {isa = PBXBuildFile; fileRef = 3201E6D228B565D700F123EE /* YouTubeServiceAdapter.swift */; };
		3201E6D528B58D3700F123EE /* Channel.swift in Sources */ = {isa = PBXBuildFile; fileRef = 3201E6D428B58D3600F123EE /* Channel.swift */; };
		3201E6D728B58FAD00F123EE /* UIImage+rotate.swift in Sources */ = {isa = PBXBuildFile; fileRef = 3201E6D628B58FAD00F123EE /* UIImage+rotate.swift */; };
		324F24D728AE492F005D42CD /* AppDelegate.swift in Sources */ = {isa = PBXBuildFile; fileRef = 324F24D628AE492F005D42CD /* AppDelegate.swift */; };
		324F24D928AE492F005D42CD /* SceneDelegate.swift in Sources */ = {isa = PBXBuildFile; fileRef = 324F24D828AE492F005D42CD /* SceneDelegate.swift */; };
		324F24DB28AE492F005D42CD /* YouTubeVideoListVC.swift in Sources */ = {isa = PBXBuildFile; fileRef = 324F24DA28AE492F005D42CD /* YouTubeVideoListVC.swift */; };
		324F24DE28AE492F005D42CD /* Main.storyboard in Resources */ = {isa = PBXBuildFile; fileRef = 324F24DC28AE492F005D42CD /* Main.storyboard */; };
		324F24E028AE4931005D42CD /* Assets.xcassets in Resources */ = {isa = PBXBuildFile; fileRef = 324F24DF28AE4931005D42CD /* Assets.xcassets */; };
		324F24E328AE4931005D42CD /* LaunchScreen.storyboard in Resources */ = {isa = PBXBuildFile; fileRef = 324F24E128AE4931005D42CD /* LaunchScreen.storyboard */; };
		324F24EF28AE5C70005D42CD /* YouTubeBannerPagesVC.swift in Sources */ = {isa = PBXBuildFile; fileRef = 324F24EE28AE5C70005D42CD /* YouTubeBannerPagesVC.swift */; };
		324F24F128AE5D56005D42CD /* YouTubeBannerVC.swift in Sources */ = {isa = PBXBuildFile; fileRef = 324F24F028AE5D56005D42CD /* YouTubeBannerVC.swift */; };
		324F250528AED407005D42CD /* YouTubeVideoPlayerVC.swift in Sources */ = {isa = PBXBuildFile; fileRef = 324F250428AED407005D42CD /* YouTubeVideoPlayerVC.swift */; };
		324F250B28B01775005D42CD /* Resources.swift in Sources */ = {isa = PBXBuildFile; fileRef = 324F250A28B01775005D42CD /* Resources.swift */; };
		3273CEC328B26970008FDA25 /* PlaylistTableViewCell.swift in Sources */ = {isa = PBXBuildFile; fileRef = 3273CEC128B26970008FDA25 /* PlaylistTableViewCell.swift */; };
		3273CEC428B26970008FDA25 /* PlaylistTableViewCell.xib in Resources */ = {isa = PBXBuildFile; fileRef = 3273CEC228B26970008FDA25 /* PlaylistTableViewCell.xib */; };
		3273CECC28B28292008FDA25 /* TopBannerTableViewCell.swift in Sources */ = {isa = PBXBuildFile; fileRef = 3273CECA28B28292008FDA25 /* TopBannerTableViewCell.swift */; };
		3273CECD28B28292008FDA25 /* TopBannerTableViewCell.xib in Resources */ = {isa = PBXBuildFile; fileRef = 3273CECB28B28292008FDA25 /* TopBannerTableViewCell.xib */; };
		327905B928B4BA7000FDD4B6 /* UIColor+hex.swift in Sources */ = {isa = PBXBuildFile; fileRef = 327905B828B4BA7000FDD4B6 /* UIColor+hex.swift */; };
		327905BC28B4BE0900FDD4B6 /* YoutubeAPI.swift in Sources */ = {isa = PBXBuildFile; fileRef = 327905BB28B4BE0900FDD4B6 /* YoutubeAPI.swift */; };
		328DE77528B7670F006CFF82 /* Video.swift in Sources */ = {isa = PBXBuildFile; fileRef = 328DE77428B7670F006CFF82 /* Video.swift */; };
		328DE77828B78051006CFF82 /* SectionTitleTableViewCell.swift in Sources */ = {isa = PBXBuildFile; fileRef = 328DE77628B78051006CFF82 /* SectionTitleTableViewCell.swift */; };
		328DE77928B78051006CFF82 /* SectionTitleTableViewCell.xib in Resources */ = {isa = PBXBuildFile; fileRef = 328DE77728B78051006CFF82 /* SectionTitleTableViewCell.xib */; };
		328DE77C28B7F4DA006CFF82 /* Playlist.swift in Sources */ = {isa = PBXBuildFile; fileRef = 328DE77B28B7F4DA006CFF82 /* Playlist.swift */; };
		3291E1CB28BBE96600DB690F /* ReuseIdentifier.swift in Sources */ = {isa = PBXBuildFile; fileRef = 3291E1CA28BBE96600DB690F /* ReuseIdentifier.swift */; };
		3291E1CD28BBEBB600DB690F /* NibInitilization.swift in Sources */ = {isa = PBXBuildFile; fileRef = 3291E1CC28BBEBB600DB690F /* NibInitilization.swift */; };
		3291E1CF28BBEC5400DB690F /* Int+separateIntoGroup.swift in Sources */ = {isa = PBXBuildFile; fileRef = 3291E1CE28BBEC5400DB690F /* Int+separateIntoGroup.swift */; };
		3291E1D128BBED3D00DB690F /* UIViewController+initiateVCFromStoryboard.swift in Sources */ = {isa = PBXBuildFile; fileRef = 3291E1D028BBED3D00DB690F /* UIViewController+initiateVCFromStoryboard.swift */; };
		3291E1D528BC03AF00DB690F /* Float+getTimeString.swift in Sources */ = {isa = PBXBuildFile; fileRef = 3291E1D428BC03AF00DB690F /* Float+getTimeString.swift */; };
		32C5589C28B17F8D00E11362 /* VideoCollectionCell.swift in Sources */ = {isa = PBXBuildFile; fileRef = 32C5589A28B17F8D00E11362 /* VideoCollectionCell.swift */; };
		32C5589D28B17F8D00E11362 /* VideoCollectionCell.xib in Resources */ = {isa = PBXBuildFile; fileRef = 32C5589B28B17F8D00E11362 /* VideoCollectionCell.xib */; };
		DFB0AB65064B1C888CDD0F5B /* Pods_YoutubeApp.framework in Frameworks */ = {isa = PBXBuildFile; fileRef = 01A488162A74E4FF4A4965B1 /* Pods_YoutubeApp.framework */; };
/* End PBXBuildFile section */

/* Begin PBXFileReference section */
		01A488162A74E4FF4A4965B1 /* Pods_YoutubeApp.framework */ = {isa = PBXFileReference; explicitFileType = wrapper.framework; includeInIndex = 0; path = Pods_YoutubeApp.framework; sourceTree = BUILT_PRODUCTS_DIR; };
		3201E6D228B565D700F123EE /* YouTubeServiceAdapter.swift */ = {isa = PBXFileReference; lastKnownFileType = sourcecode.swift; path = YouTubeServiceAdapter.swift; sourceTree = "<group>"; };
		3201E6D428B58D3600F123EE /* Channel.swift */ = {isa = PBXFileReference; lastKnownFileType = sourcecode.swift; path = Channel.swift; sourceTree = "<group>"; };
		3201E6D628B58FAD00F123EE /* UIImage+rotate.swift */ = {isa = PBXFileReference; lastKnownFileType = sourcecode.swift; path = "UIImage+rotate.swift"; sourceTree = "<group>"; };
		324F24D328AE492F005D42CD /* YoutubeApp.app */ = {isa = PBXFileReference; explicitFileType = wrapper.application; includeInIndex = 0; path = YoutubeApp.app; sourceTree = BUILT_PRODUCTS_DIR; };
		324F24D628AE492F005D42CD /* AppDelegate.swift */ = {isa = PBXFileReference; lastKnownFileType = sourcecode.swift; path = AppDelegate.swift; sourceTree = "<group>"; };
		324F24D828AE492F005D42CD /* SceneDelegate.swift */ = {isa = PBXFileReference; lastKnownFileType = sourcecode.swift; path = SceneDelegate.swift; sourceTree = "<group>"; };
		324F24DA28AE492F005D42CD /* YouTubeVideoListVC.swift */ = {isa = PBXFileReference; lastKnownFileType = sourcecode.swift; path = YouTubeVideoListVC.swift; sourceTree = "<group>"; };
		324F24DD28AE492F005D42CD /* Base */ = {isa = PBXFileReference; lastKnownFileType = file.storyboard; name = Base; path = Base.lproj/Main.storyboard; sourceTree = "<group>"; };
		324F24DF28AE4931005D42CD /* Assets.xcassets */ = {isa = PBXFileReference; lastKnownFileType = folder.assetcatalog; path = Assets.xcassets; sourceTree = "<group>"; };
		324F24E228AE4931005D42CD /* Base */ = {isa = PBXFileReference; lastKnownFileType = file.storyboard; name = Base; path = Base.lproj/LaunchScreen.storyboard; sourceTree = "<group>"; };
		324F24E428AE4931005D42CD /* Info.plist */ = {isa = PBXFileReference; lastKnownFileType = text.plist.xml; path = Info.plist; sourceTree = "<group>"; };
		324F24EE28AE5C70005D42CD /* YouTubeBannerPagesVC.swift */ = {isa = PBXFileReference; lastKnownFileType = sourcecode.swift; path = YouTubeBannerPagesVC.swift; sourceTree = "<group>"; };
		324F24F028AE5D56005D42CD /* YouTubeBannerVC.swift */ = {isa = PBXFileReference; lastKnownFileType = sourcecode.swift; path = YouTubeBannerVC.swift; sourceTree = "<group>"; };
		324F250428AED407005D42CD /* YouTubeVideoPlayerVC.swift */ = {isa = PBXFileReference; lastKnownFileType = sourcecode.swift; path = YouTubeVideoPlayerVC.swift; sourceTree = "<group>"; };
		324F250A28B01775005D42CD /* Resources.swift */ = {isa = PBXFileReference; lastKnownFileType = sourcecode.swift; path = Resources.swift; sourceTree = "<group>"; };
		3273CEC128B26970008FDA25 /* PlaylistTableViewCell.swift */ = {isa = PBXFileReference; lastKnownFileType = sourcecode.swift; path = PlaylistTableViewCell.swift; sourceTree = "<group>"; };
		3273CEC228B26970008FDA25 /* PlaylistTableViewCell.xib */ = {isa = PBXFileReference; lastKnownFileType = file.xib; path = PlaylistTableViewCell.xib; sourceTree = "<group>"; };
		3273CECA28B28292008FDA25 /* TopBannerTableViewCell.swift */ = {isa = PBXFileReference; lastKnownFileType = sourcecode.swift; path = TopBannerTableViewCell.swift; sourceTree = "<group>"; };
		3273CECB28B28292008FDA25 /* TopBannerTableViewCell.xib */ = {isa = PBXFileReference; lastKnownFileType = file.xib; path = TopBannerTableViewCell.xib; sourceTree = "<group>"; };
		327905B828B4BA7000FDD4B6 /* UIColor+hex.swift */ = {isa = PBXFileReference; lastKnownFileType = sourcecode.swift; path = "UIColor+hex.swift"; sourceTree = "<group>"; };
		327905BB28B4BE0900FDD4B6 /* YoutubeAPI.swift */ = {isa = PBXFileReference; lastKnownFileType = sourcecode.swift; path = YoutubeAPI.swift; sourceTree = "<group>"; };
		328DE77428B7670F006CFF82 /* Video.swift */ = {isa = PBXFileReference; lastKnownFileType = sourcecode.swift; path = Video.swift; sourceTree = "<group>"; };
		328DE77628B78051006CFF82 /* SectionTitleTableViewCell.swift */ = {isa = PBXFileReference; lastKnownFileType = sourcecode.swift; path = SectionTitleTableViewCell.swift; sourceTree = "<group>"; };
		328DE77728B78051006CFF82 /* SectionTitleTableViewCell.xib */ = {isa = PBXFileReference; lastKnownFileType = file.xib; path = SectionTitleTableViewCell.xib; sourceTree = "<group>"; };
		328DE77B28B7F4DA006CFF82 /* Playlist.swift */ = {isa = PBXFileReference; lastKnownFileType = sourcecode.swift; path = Playlist.swift; sourceTree = "<group>"; };
		3291E1CA28BBE96600DB690F /* ReuseIdentifier.swift */ = {isa = PBXFileReference; lastKnownFileType = sourcecode.swift; path = ReuseIdentifier.swift; sourceTree = "<group>"; };
		3291E1CC28BBEBB600DB690F /* NibInitilization.swift */ = {isa = PBXFileReference; lastKnownFileType = sourcecode.swift; path = NibInitilization.swift; sourceTree = "<group>"; };
		3291E1CE28BBEC5400DB690F /* Int+separateIntoGroup.swift */ = {isa = PBXFileReference; lastKnownFileType = sourcecode.swift; path = "Int+separateIntoGroup.swift"; sourceTree = "<group>"; };
		3291E1D028BBED3D00DB690F /* UIViewController+initiateVCFromStoryboard.swift */ = {isa = PBXFileReference; lastKnownFileType = sourcecode.swift; path = "UIViewController+initiateVCFromStoryboard.swift"; sourceTree = "<group>"; };
		3291E1D428BC03AF00DB690F /* Float+getTimeString.swift */ = {isa = PBXFileReference; lastKnownFileType = sourcecode.swift; path = "Float+getTimeString.swift"; sourceTree = "<group>"; };
		32C5589A28B17F8D00E11362 /* VideoCollectionCell.swift */ = {isa = PBXFileReference; lastKnownFileType = sourcecode.swift; path = VideoCollectionCell.swift; sourceTree = "<group>"; };
		32C5589B28B17F8D00E11362 /* VideoCollectionCell.xib */ = {isa = PBXFileReference; lastKnownFileType = file.xib; path = VideoCollectionCell.xib; sourceTree = "<group>"; };
		B290812EF398FFDFF51FA8B0 /* Pods-YoutubeApp.release.xcconfig */ = {isa = PBXFileReference; includeInIndex = 1; lastKnownFileType = text.xcconfig; name = "Pods-YoutubeApp.release.xcconfig"; path = "Target Support Files/Pods-YoutubeApp/Pods-YoutubeApp.release.xcconfig"; sourceTree = "<group>"; };
		DBC7E53B1F0D13B8DD7E1D37 /* Pods-YoutubeApp.debug.xcconfig */ = {isa = PBXFileReference; includeInIndex = 1; lastKnownFileType = text.xcconfig; name = "Pods-YoutubeApp.debug.xcconfig"; path = "Target Support Files/Pods-YoutubeApp/Pods-YoutubeApp.debug.xcconfig"; sourceTree = "<group>"; };
/* End PBXFileReference section */

/* Begin PBXFrameworksBuildPhase section */
		324F24D028AE492F005D42CD /* Frameworks */ = {
			isa = PBXFrameworksBuildPhase;
			buildActionMask = 2147483647;
			files = (
				DFB0AB65064B1C888CDD0F5B /* Pods_YoutubeApp.framework in Frameworks */,
			);
			runOnlyForDeploymentPostprocessing = 0;
		};
/* End PBXFrameworksBuildPhase section */

/* Begin PBXGroup section */
		287A0B4AA7487002017B12BD /* Frameworks */ = {
			isa = PBXGroup;
			children = (
				01A488162A74E4FF4A4965B1 /* Pods_YoutubeApp.framework */,
			);
			name = Frameworks;
			sourceTree = "<group>";
		};
		3201E6D128B5653300F123EE /* Services */ = {
			isa = PBXGroup;
			children = (
				3201E6D228B565D700F123EE /* YouTubeServiceAdapter.swift */,
			);
			path = Services;
			sourceTree = "<group>";
		};
		324F24CA28AE492E005D42CD = {
			isa = PBXGroup;
			children = (
				324F24D528AE492F005D42CD /* YoutubeApp */,
				324F24D428AE492F005D42CD /* Products */,
				D70EA8249BD540C2DB4A0BA4 /* Pods */,
				287A0B4AA7487002017B12BD /* Frameworks */,
			);
			sourceTree = "<group>";
		};
		324F24D428AE492F005D42CD /* Products */ = {
			isa = PBXGroup;
			children = (
				324F24D328AE492F005D42CD /* YoutubeApp.app */,
			);
			name = Products;
			sourceTree = "<group>";
		};
		324F24D528AE492F005D42CD /* YoutubeApp */ = {
			isa = PBXGroup;
			children = (
				3201E6D128B5653300F123EE /* Services */,
				324F250928B01764005D42CD /* Helpers */,
				324F250628B01196005D42CD /* Models */,
				324F24F228AE6634005D42CD /* Views */,
				324F24EA28AE4941005D42CD /* App */,
				324F24EC28AE4959005D42CD /* Controllers */,
				324F24EB28AE4952005D42CD /* Storyboards */,
				324F24ED28AE4962005D42CD /* Supporting Files */,
			);
			path = YoutubeApp;
			sourceTree = "<group>";
		};
		324F24EA28AE4941005D42CD /* App */ = {
			isa = PBXGroup;
			children = (
				324F24D628AE492F005D42CD /* AppDelegate.swift */,
				324F24D828AE492F005D42CD /* SceneDelegate.swift */,
			);
			path = App;
			sourceTree = "<group>";
		};
		324F24EB28AE4952005D42CD /* Storyboards */ = {
			isa = PBXGroup;
			children = (
				324F24DC28AE492F005D42CD /* Main.storyboard */,
			);
			path = Storyboards;
			sourceTree = "<group>";
		};
		324F24EC28AE4959005D42CD /* Controllers */ = {
			isa = PBXGroup;
			children = (
				324F24DA28AE492F005D42CD /* YouTubeVideoListVC.swift */,
				324F24EE28AE5C70005D42CD /* YouTubeBannerPagesVC.swift */,
				324F24F028AE5D56005D42CD /* YouTubeBannerVC.swift */,
				324F250428AED407005D42CD /* YouTubeVideoPlayerVC.swift */,
			);
			path = Controllers;
			sourceTree = "<group>";
		};
		324F24ED28AE4962005D42CD /* Supporting Files */ = {
			isa = PBXGroup;
			children = (
				324F24E128AE4931005D42CD /* LaunchScreen.storyboard */,
				324F24DF28AE4931005D42CD /* Assets.xcassets */,
				324F24E428AE4931005D42CD /* Info.plist */,
			);
			path = "Supporting Files";
			sourceTree = "<group>";
		};
		324F24F228AE6634005D42CD /* Views */ = {
			isa = PBXGroup;
			children = (
				324F24F328AE6647005D42CD /* Cells */,
			);
			path = Views;
			sourceTree = "<group>";
		};
		324F24F328AE6647005D42CD /* Cells */ = {
			isa = PBXGroup;
			children = (
				3273CEC928B28254008FDA25 /* TopBanner */,
				3271FA4628B238D8004E644F /* Playlist */,
				328DE77A28B78056006CFF82 /* Title */,
			);
			path = Cells;
			sourceTree = "<group>";
		};
		324F250628B01196005D42CD /* Models */ = {
			isa = PBXGroup;
			children = (
				3201E6D428B58D3600F123EE /* Channel.swift */,
				328DE77428B7670F006CFF82 /* Video.swift */,
				328DE77B28B7F4DA006CFF82 /* Playlist.swift */,
			);
			path = Models;
			sourceTree = "<group>";
		};
		324F250928B01764005D42CD /* Helpers */ = {
			isa = PBXGroup;
			children = (
				327905B528B4B5D900FDD4B6 /* Extensions */,
				324F250A28B01775005D42CD /* Resources.swift */,
				327905BB28B4BE0900FDD4B6 /* YoutubeAPI.swift */,
			);
			path = Helpers;
			sourceTree = "<group>";
		};
		3271FA4628B238D8004E644F /* Playlist */ = {
			isa = PBXGroup;
			children = (
				32C5589A28B17F8D00E11362 /* VideoCollectionCell.swift */,
				32C5589B28B17F8D00E11362 /* VideoCollectionCell.xib */,
				3273CEC128B26970008FDA25 /* PlaylistTableViewCell.swift */,
				3273CEC228B26970008FDA25 /* PlaylistTableViewCell.xib */,
			);
			path = Playlist;
			sourceTree = "<group>";
		};
		3273CEC928B28254008FDA25 /* TopBanner */ = {
			isa = PBXGroup;
			children = (
				3273CECA28B28292008FDA25 /* TopBannerTableViewCell.swift */,
				3273CECB28B28292008FDA25 /* TopBannerTableViewCell.xib */,
			);
			path = TopBanner;
			sourceTree = "<group>";
		};
		327905B528B4B5D900FDD4B6 /* Extensions */ = {
			isa = PBXGroup;
			children = (
				3291E1D228BC037700DB690F /* UIKit */,
				3291E1D328BC038300DB690F /* Foundation */,
			);
			path = Extensions;
			sourceTree = "<group>";
		};
		328DE77A28B78056006CFF82 /* Title */ = {
			isa = PBXGroup;
			children = (
				328DE77628B78051006CFF82 /* SectionTitleTableViewCell.swift */,
				328DE77728B78051006CFF82 /* SectionTitleTableViewCell.xib */,
			);
			path = Title;
			sourceTree = "<group>";
		};
		3291E1D228BC037700DB690F /* UIKit */ = {
			isa = PBXGroup;
			children = (
				327905B828B4BA7000FDD4B6 /* UIColor+hex.swift */,
				3201E6D628B58FAD00F123EE /* UIImage+rotate.swift */,
				3291E1CA28BBE96600DB690F /* ReuseIdentifier.swift */,
				3291E1CC28BBEBB600DB690F /* NibInitilization.swift */,
				3291E1D028BBED3D00DB690F /* UIViewController+initiateVCFromStoryboard.swift */,
			);
			path = UIKit;
			sourceTree = "<group>";
		};
		3291E1D328BC038300DB690F /* Foundation */ = {
			isa = PBXGroup;
			children = (
				3291E1CE28BBEC5400DB690F /* Int+separateIntoGroup.swift */,
				3291E1D428BC03AF00DB690F /* Float+getTimeString.swift */,
			);
			path = Foundation;
			sourceTree = "<group>";
		};
		D70EA8249BD540C2DB4A0BA4 /* Pods */ = {
			isa = PBXGroup;
			children = (
				DBC7E53B1F0D13B8DD7E1D37 /* Pods-YoutubeApp.debug.xcconfig */,
				B290812EF398FFDFF51FA8B0 /* Pods-YoutubeApp.release.xcconfig */,
			);
			path = Pods;
			sourceTree = "<group>";
		};
/* End PBXGroup section */

/* Begin PBXNativeTarget section */
		324F24D228AE492F005D42CD /* YoutubeApp */ = {
			isa = PBXNativeTarget;
			buildConfigurationList = 324F24E728AE4931005D42CD /* Build configuration list for PBXNativeTarget "YoutubeApp" */;
			buildPhases = (
				6B829ADDAC117019B330B2D0 /* [CP] Check Pods Manifest.lock */,
				324F24CF28AE492F005D42CD /* Sources */,
				324F24D028AE492F005D42CD /* Frameworks */,
				324F24D128AE492F005D42CD /* Resources */,
				79B1BB3764C61D2EFDA0A2B8 /* [CP] Embed Pods Frameworks */,
			);
			buildRules = (
			);
			dependencies = (
			);
			name = YoutubeApp;
			productName = YoutubeApp;
			productReference = 324F24D328AE492F005D42CD /* YoutubeApp.app */;
			productType = "com.apple.product-type.application";
		};
/* End PBXNativeTarget section */

/* Begin PBXProject section */
		324F24CB28AE492E005D42CD /* Project object */ = {
			isa = PBXProject;
			attributes = {
				BuildIndependentTargetsInParallel = 1;
				LastSwiftUpdateCheck = 1340;
				LastUpgradeCheck = 1340;
				TargetAttributes = {
					324F24D228AE492F005D42CD = {
						CreatedOnToolsVersion = 13.4.1;
					};
				};
			};
			buildConfigurationList = 324F24CE28AE492E005D42CD /* Build configuration list for PBXProject "YoutubeApp" */;
			compatibilityVersion = "Xcode 13.0";
			developmentRegion = en;
			hasScannedForEncodings = 0;
			knownRegions = (
				en,
				Base,
			);
			mainGroup = 324F24CA28AE492E005D42CD;
			productRefGroup = 324F24D428AE492F005D42CD /* Products */;
			projectDirPath = "";
			projectRoot = "";
			targets = (
				324F24D228AE492F005D42CD /* YoutubeApp */,
			);
		};
/* End PBXProject section */

/* Begin PBXResourcesBuildPhase section */
		324F24D128AE492F005D42CD /* Resources */ = {
			isa = PBXResourcesBuildPhase;
			buildActionMask = 2147483647;
			files = (
				328DE77928B78051006CFF82 /* SectionTitleTableViewCell.xib in Resources */,
				324F24E328AE4931005D42CD /* LaunchScreen.storyboard in Resources */,
				324F24E028AE4931005D42CD /* Assets.xcassets in Resources */,
				32C5589D28B17F8D00E11362 /* VideoCollectionCell.xib in Resources */,
				324F24DE28AE492F005D42CD /* Main.storyboard in Resources */,
				3273CEC428B26970008FDA25 /* PlaylistTableViewCell.xib in Resources */,
				3273CECD28B28292008FDA25 /* TopBannerTableViewCell.xib in Resources */,
			);
			runOnlyForDeploymentPostprocessing = 0;
		};
/* End PBXResourcesBuildPhase section */

/* Begin PBXShellScriptBuildPhase section */
		6B829ADDAC117019B330B2D0 /* [CP] Check Pods Manifest.lock */ = {
			isa = PBXShellScriptBuildPhase;
			buildActionMask = 2147483647;
			files = (
			);
			inputFileListPaths = (
			);
			inputPaths = (
				"${PODS_PODFILE_DIR_PATH}/Podfile.lock",
				"${PODS_ROOT}/Manifest.lock",
			);
			name = "[CP] Check Pods Manifest.lock";
			outputFileListPaths = (
			);
			outputPaths = (
				"$(DERIVED_FILE_DIR)/Pods-YoutubeApp-checkManifestLockResult.txt",
			);
			runOnlyForDeploymentPostprocessing = 0;
			shellPath = /bin/sh;
			shellScript = "diff \"${PODS_PODFILE_DIR_PATH}/Podfile.lock\" \"${PODS_ROOT}/Manifest.lock\" > /dev/null\nif [ $? != 0 ] ; then\n    # print error to STDERR\n    echo \"error: The sandbox is not in sync with the Podfile.lock. Run 'pod install' or update your CocoaPods installation.\" >&2\n    exit 1\nfi\n# This output is used by Xcode 'outputs' to avoid re-running this script phase.\necho \"SUCCESS\" > \"${SCRIPT_OUTPUT_FILE_0}\"\n";
			showEnvVarsInLog = 0;
		};
		79B1BB3764C61D2EFDA0A2B8 /* [CP] Embed Pods Frameworks */ = {
			isa = PBXShellScriptBuildPhase;
			buildActionMask = 2147483647;
			files = (
			);
			inputFileListPaths = (
				"${PODS_ROOT}/Target Support Files/Pods-YoutubeApp/Pods-YoutubeApp-frameworks-${CONFIGURATION}-input-files.xcfilelist",
			);
			name = "[CP] Embed Pods Frameworks";
			outputFileListPaths = (
				"${PODS_ROOT}/Target Support Files/Pods-YoutubeApp/Pods-YoutubeApp-frameworks-${CONFIGURATION}-output-files.xcfilelist",
			);
			runOnlyForDeploymentPostprocessing = 0;
			shellPath = /bin/sh;
			shellScript = "\"${PODS_ROOT}/Target Support Files/Pods-YoutubeApp/Pods-YoutubeApp-frameworks.sh\"\n";
			showEnvVarsInLog = 0;
		};
/* End PBXShellScriptBuildPhase section */

/* Begin PBXSourcesBuildPhase section */
		324F24CF28AE492F005D42CD /* Sources */ = {
			isa = PBXSourcesBuildPhase;
			buildActionMask = 2147483647;
			files = (
				3201E6D528B58D3700F123EE /* Channel.swift in Sources */,
				3291E1D528BC03AF00DB690F /* Float+getTimeString.swift in Sources */,
				3273CECC28B28292008FDA25 /* TopBannerTableViewCell.swift in Sources */,
				3291E1CD28BBEBB600DB690F /* NibInitilization.swift in Sources */,
				3291E1D128BBED3D00DB690F /* UIViewController+initiateVCFromStoryboard.swift in Sources */,
				3201E6D328B565D700F123EE /* YouTubeServiceAdapter.swift in Sources */,
				3291E1CF28BBEC5400DB690F /* Int+separateIntoGroup.swift in Sources */,
				324F250528AED407005D42CD /* YouTubeVideoPlayerVC.swift in Sources */,
				32C5589C28B17F8D00E11362 /* VideoCollectionCell.swift in Sources */,
				327905BC28B4BE0900FDD4B6 /* YoutubeAPI.swift in Sources */,
				328DE77828B78051006CFF82 /* SectionTitleTableViewCell.swift in Sources */,
				324F24DB28AE492F005D42CD /* YouTubeVideoListVC.swift in Sources */,
				324F24D728AE492F005D42CD /* AppDelegate.swift in Sources */,
				3273CEC328B26970008FDA25 /* PlaylistTableViewCell.swift in Sources */,
				3201E6D728B58FAD00F123EE /* UIImage+rotate.swift in Sources */,
				3291E1CB28BBE96600DB690F /* ReuseIdentifier.swift in Sources */,
				324F24F128AE5D56005D42CD /* YouTubeBannerVC.swift in Sources */,
				324F24D928AE492F005D42CD /* SceneDelegate.swift in Sources */,
				328DE77528B7670F006CFF82 /* Video.swift in Sources */,
				328DE77C28B7F4DA006CFF82 /* Playlist.swift in Sources */,
				324F24EF28AE5C70005D42CD /* YouTubeBannerPagesVC.swift in Sources */,
				324F250B28B01775005D42CD /* Resources.swift in Sources */,
				327905B928B4BA7000FDD4B6 /* UIColor+hex.swift in Sources */,
			);
			runOnlyForDeploymentPostprocessing = 0;
		};
/* End PBXSourcesBuildPhase section */

/* Begin PBXVariantGroup section */
		324F24DC28AE492F005D42CD /* Main.storyboard */ = {
			isa = PBXVariantGroup;
			children = (
				324F24DD28AE492F005D42CD /* Base */,
			);
			name = Main.storyboard;
			sourceTree = "<group>";
		};
		324F24E128AE4931005D42CD /* LaunchScreen.storyboard */ = {
			isa = PBXVariantGroup;
			children = (
				324F24E228AE4931005D42CD /* Base */,
			);
			name = LaunchScreen.storyboard;
			sourceTree = "<group>";
		};
/* End PBXVariantGroup section */

/* Begin XCBuildConfiguration section */
		324F24E528AE4931005D42CD /* Debug */ = {
			isa = XCBuildConfiguration;
			buildSettings = {
				ALWAYS_SEARCH_USER_PATHS = NO;
				CLANG_ANALYZER_NONNULL = YES;
				CLANG_ANALYZER_NUMBER_OBJECT_CONVERSION = YES_AGGRESSIVE;
				CLANG_CXX_LANGUAGE_STANDARD = "gnu++17";
				CLANG_ENABLE_MODULES = YES;
				CLANG_ENABLE_OBJC_ARC = YES;
				CLANG_ENABLE_OBJC_WEAK = YES;
				CLANG_WARN_BLOCK_CAPTURE_AUTORELEASING = YES;
				CLANG_WARN_BOOL_CONVERSION = YES;
				CLANG_WARN_COMMA = YES;
				CLANG_WARN_CONSTANT_CONVERSION = YES;
				CLANG_WARN_DEPRECATED_OBJC_IMPLEMENTATIONS = YES;
				CLANG_WARN_DIRECT_OBJC_ISA_USAGE = YES_ERROR;
				CLANG_WARN_DOCUMENTATION_COMMENTS = YES;
				CLANG_WARN_EMPTY_BODY = YES;
				CLANG_WARN_ENUM_CONVERSION = YES;
				CLANG_WARN_INFINITE_RECURSION = YES;
				CLANG_WARN_INT_CONVERSION = YES;
				CLANG_WARN_NON_LITERAL_NULL_CONVERSION = YES;
				CLANG_WARN_OBJC_IMPLICIT_RETAIN_SELF = YES;
				CLANG_WARN_OBJC_LITERAL_CONVERSION = YES;
				CLANG_WARN_OBJC_ROOT_CLASS = YES_ERROR;
				CLANG_WARN_QUOTED_INCLUDE_IN_FRAMEWORK_HEADER = YES;
				CLANG_WARN_RANGE_LOOP_ANALYSIS = YES;
				CLANG_WARN_STRICT_PROTOTYPES = YES;
				CLANG_WARN_SUSPICIOUS_MOVE = YES;
				CLANG_WARN_UNGUARDED_AVAILABILITY = YES_AGGRESSIVE;
				CLANG_WARN_UNREACHABLE_CODE = YES;
				CLANG_WARN__DUPLICATE_METHOD_MATCH = YES;
				COPY_PHASE_STRIP = NO;
				DEBUG_INFORMATION_FORMAT = dwarf;
				ENABLE_STRICT_OBJC_MSGSEND = YES;
				ENABLE_TESTABILITY = YES;
				GCC_C_LANGUAGE_STANDARD = gnu11;
				GCC_DYNAMIC_NO_PIC = NO;
				GCC_NO_COMMON_BLOCKS = YES;
				GCC_OPTIMIZATION_LEVEL = 0;
				GCC_PREPROCESSOR_DEFINITIONS = (
					"DEBUG=1",
					"$(inherited)",
				);
				GCC_WARN_64_TO_32_BIT_CONVERSION = YES;
				GCC_WARN_ABOUT_RETURN_TYPE = YES_ERROR;
				GCC_WARN_UNDECLARED_SELECTOR = YES;
				GCC_WARN_UNINITIALIZED_AUTOS = YES_AGGRESSIVE;
				GCC_WARN_UNUSED_FUNCTION = YES;
				GCC_WARN_UNUSED_VARIABLE = YES;
				IPHONEOS_DEPLOYMENT_TARGET = 15.5;
				MTL_ENABLE_DEBUG_INFO = INCLUDE_SOURCE;
				MTL_FAST_MATH = YES;
				ONLY_ACTIVE_ARCH = YES;
				SDKROOT = iphoneos;
				SWIFT_ACTIVE_COMPILATION_CONDITIONS = DEBUG;
				SWIFT_OPTIMIZATION_LEVEL = "-Onone";
			};
			name = Debug;
		};
		324F24E628AE4931005D42CD /* Release */ = {
			isa = XCBuildConfiguration;
			buildSettings = {
				ALWAYS_SEARCH_USER_PATHS = NO;
				CLANG_ANALYZER_NONNULL = YES;
				CLANG_ANALYZER_NUMBER_OBJECT_CONVERSION = YES_AGGRESSIVE;
				CLANG_CXX_LANGUAGE_STANDARD = "gnu++17";
				CLANG_ENABLE_MODULES = YES;
				CLANG_ENABLE_OBJC_ARC = YES;
				CLANG_ENABLE_OBJC_WEAK = YES;
				CLANG_WARN_BLOCK_CAPTURE_AUTORELEASING = YES;
				CLANG_WARN_BOOL_CONVERSION = YES;
				CLANG_WARN_COMMA = YES;
				CLANG_WARN_CONSTANT_CONVERSION = YES;
				CLANG_WARN_DEPRECATED_OBJC_IMPLEMENTATIONS = YES;
				CLANG_WARN_DIRECT_OBJC_ISA_USAGE = YES_ERROR;
				CLANG_WARN_DOCUMENTATION_COMMENTS = YES;
				CLANG_WARN_EMPTY_BODY = YES;
				CLANG_WARN_ENUM_CONVERSION = YES;
				CLANG_WARN_INFINITE_RECURSION = YES;
				CLANG_WARN_INT_CONVERSION = YES;
				CLANG_WARN_NON_LITERAL_NULL_CONVERSION = YES;
				CLANG_WARN_OBJC_IMPLICIT_RETAIN_SELF = YES;
				CLANG_WARN_OBJC_LITERAL_CONVERSION = YES;
				CLANG_WARN_OBJC_ROOT_CLASS = YES_ERROR;
				CLANG_WARN_QUOTED_INCLUDE_IN_FRAMEWORK_HEADER = YES;
				CLANG_WARN_RANGE_LOOP_ANALYSIS = YES;
				CLANG_WARN_STRICT_PROTOTYPES = YES;
				CLANG_WARN_SUSPICIOUS_MOVE = YES;
				CLANG_WARN_UNGUARDED_AVAILABILITY = YES_AGGRESSIVE;
				CLANG_WARN_UNREACHABLE_CODE = YES;
				CLANG_WARN__DUPLICATE_METHOD_MATCH = YES;
				COPY_PHASE_STRIP = NO;
				DEBUG_INFORMATION_FORMAT = "dwarf-with-dsym";
				ENABLE_NS_ASSERTIONS = NO;
				ENABLE_STRICT_OBJC_MSGSEND = YES;
				GCC_C_LANGUAGE_STANDARD = gnu11;
				GCC_NO_COMMON_BLOCKS = YES;
				GCC_WARN_64_TO_32_BIT_CONVERSION = YES;
				GCC_WARN_ABOUT_RETURN_TYPE = YES_ERROR;
				GCC_WARN_UNDECLARED_SELECTOR = YES;
				GCC_WARN_UNINITIALIZED_AUTOS = YES_AGGRESSIVE;
				GCC_WARN_UNUSED_FUNCTION = YES;
				GCC_WARN_UNUSED_VARIABLE = YES;
				IPHONEOS_DEPLOYMENT_TARGET = 15.5;
				MTL_ENABLE_DEBUG_INFO = NO;
				MTL_FAST_MATH = YES;
				SDKROOT = iphoneos;
				SWIFT_COMPILATION_MODE = wholemodule;
				SWIFT_OPTIMIZATION_LEVEL = "-O";
				VALIDATE_PRODUCT = YES;
			};
			name = Release;
		};
		324F24E828AE4931005D42CD /* Debug */ = {
			isa = XCBuildConfiguration;
			baseConfigurationReference = DBC7E53B1F0D13B8DD7E1D37 /* Pods-YoutubeApp.debug.xcconfig */;
			buildSettings = {
				ASSETCATALOG_COMPILER_APPICON_NAME = AppIcon;
				ASSETCATALOG_COMPILER_GLOBAL_ACCENT_COLOR_NAME = AccentColor;
				CODE_SIGN_STYLE = Automatic;
				CURRENT_PROJECT_VERSION = 1;
				DEVELOPMENT_TEAM = SNSR2GWAKM;
				GENERATE_INFOPLIST_FILE = YES;
				INFOPLIST_FILE = "YoutubeApp/Supporting Files/Info.plist";
				INFOPLIST_KEY_UIApplicationSupportsIndirectInputEvents = YES;
				INFOPLIST_KEY_UILaunchStoryboardName = LaunchScreen;
				INFOPLIST_KEY_UIMainStoryboardFile = Main;
				INFOPLIST_KEY_UIRequiresFullScreen = NO;
				INFOPLIST_KEY_UISupportedInterfaceOrientations = UIInterfaceOrientationPortrait;
				INFOPLIST_KEY_UISupportedInterfaceOrientations_iPad = "UIInterfaceOrientationPortrait UIInterfaceOrientationPortraitUpsideDown UIInterfaceOrientationLandscapeLeft UIInterfaceOrientationLandscapeRight";
				INFOPLIST_KEY_UISupportedInterfaceOrientations_iPhone = "UIInterfaceOrientationPortrait UIInterfaceOrientationLandscapeLeft UIInterfaceOrientationLandscapeRight";
				IPHONEOS_DEPLOYMENT_TARGET = 15.5;
				LD_RUNPATH_SEARCH_PATHS = (
					"$(inherited)",
					"@executable_path/Frameworks",
				);
				MARKETING_VERSION = 1.0;
				PRODUCT_BUNDLE_IDENTIFIER = dmyshe.YoutubeApp;
				PRODUCT_NAME = "$(TARGET_NAME)";
				SWIFT_EMIT_LOC_STRINGS = YES;
				SWIFT_VERSION = 5.0;
				TARGETED_DEVICE_FAMILY = "1,2";
			};
			name = Debug;
		};
		324F24E928AE4931005D42CD /* Release */ = {
			isa = XCBuildConfiguration;
			baseConfigurationReference = B290812EF398FFDFF51FA8B0 /* Pods-YoutubeApp.release.xcconfig */;
			buildSettings = {
				ASSETCATALOG_COMPILER_APPICON_NAME = AppIcon;
				ASSETCATALOG_COMPILER_GLOBAL_ACCENT_COLOR_NAME = AccentColor;
				CODE_SIGN_STYLE = Automatic;
				CURRENT_PROJECT_VERSION = 1;
				DEVELOPMENT_TEAM = SNSR2GWAKM;
				GENERATE_INFOPLIST_FILE = YES;
				INFOPLIST_FILE = "YoutubeApp/Supporting Files/Info.plist";
				INFOPLIST_KEY_UIApplicationSupportsIndirectInputEvents = YES;
				INFOPLIST_KEY_UILaunchStoryboardName = LaunchScreen;
				INFOPLIST_KEY_UIMainStoryboardFile = Main;
				INFOPLIST_KEY_UIRequiresFullScreen = NO;
				INFOPLIST_KEY_UISupportedInterfaceOrientations = UIInterfaceOrientationPortrait;
				INFOPLIST_KEY_UISupportedInterfaceOrientations_iPad = "UIInterfaceOrientationPortrait UIInterfaceOrientationPortraitUpsideDown UIInterfaceOrientationLandscapeLeft UIInterfaceOrientationLandscapeRight";
				INFOPLIST_KEY_UISupportedInterfaceOrientations_iPhone = "UIInterfaceOrientationPortrait UIInterfaceOrientationLandscapeLeft UIInterfaceOrientationLandscapeRight";
				IPHONEOS_DEPLOYMENT_TARGET = 15.5;
				LD_RUNPATH_SEARCH_PATHS = (
					"$(inherited)",
					"@executable_path/Frameworks",
				);
				MARKETING_VERSION = 1.0;
				PRODUCT_BUNDLE_IDENTIFIER = dmyshe.YoutubeApp;
				PRODUCT_NAME = "$(TARGET_NAME)";
				SWIFT_EMIT_LOC_STRINGS = YES;
				SWIFT_VERSION = 5.0;
				TARGETED_DEVICE_FAMILY = "1,2";
			};
			name = Release;
		};
/* End XCBuildConfiguration section */

/* Begin XCConfigurationList section */
		324F24CE28AE492E005D42CD /* Build configuration list for PBXProject "YoutubeApp" */ = {
			isa = XCConfigurationList;
			buildConfigurations = (
				324F24E528AE4931005D42CD /* Debug */,
				324F24E628AE4931005D42CD /* Release */,
			);
			defaultConfigurationIsVisible = 0;
			defaultConfigurationName = Release;
		};
		324F24E728AE4931005D42CD /* Build configuration list for PBXNativeTarget "YoutubeApp" */ = {
			isa = XCConfigurationList;
			buildConfigurations = (
				324F24E828AE4931005D42CD /* Debug */,
				324F24E928AE4931005D42CD /* Release */,
			);
			defaultConfigurationIsVisible = 0;
			defaultConfigurationName = Release;
		};
/* End XCConfigurationList section */
	};
	rootObject = 324F24CB28AE492E005D42CD /* Project object */;
}
